{
  "version": 4,
  "terraform_version": "1.3.2",
  "serial": 332,
  "lineage": "4af05043-daee-8b33-0069-051520ade6a8",
  "outputs": {
    "AVD_user_groupname": {
      "value": "MyGrp",
      "type": "string"
    }
  },
  "resources": [
    {
      "mode": "data",
      "type": "azuread_client_config",
      "name": "current",
      "provider": "provider[\"registry.terraform.io/hashicorp/azuread\"]",
      "instances": [
        {
          "schema_version": 0,
          "attributes": {
            "client_id": "04b07795-8ddb-461a-bbee-02f9e1bf7b46",
            "id": "63cf14b4-7d0e-4498-9879-7622a21ea092-04b07795-8ddb-461a-bbee-02f9e1bf7b46-2ad7b395-3635-4839-a676-2ff202040eb2",
            "object_id": "2ad7b395-3635-4839-a676-2ff202040eb2",
            "tenant_id": "63cf14b4-7d0e-4498-9879-7622a21ea092",
            "timeouts": null
          },
          "sensitive_attributes": []
        }
      ]
    },
    {
      "mode": "data",
      "type": "azurerm_role_definition",
      "name": "role",
      "provider": "provider[\"registry.terraform.io/hashicorp/azurerm\"]",
      "instances": [
        {
          "schema_version": 0,
          "attributes": {
            "assignable_scopes": [
              "/"
            ],
            "description": "Allows user to use the applications in an application group.",
            "id": "/providers/Microsoft.Authorization/roleDefinitions/1d18fff3-a72a-46b5-b4a9-0b38a3cd7e63",
            "name": "Desktop Virtualization User",
            "permissions": [
              {
                "actions": [],
                "data_actions": [
                  "Microsoft.DesktopVirtualization/applicationGroups/useApplications/action"
                ],
                "not_actions": [],
                "not_data_actions": []
              }
            ],
            "role_definition_id": "/providers/Microsoft.Authorization/roleDefinitions/1d18fff3-a72a-46b5-b4a9-0b38a3cd7e63",
            "scope": null,
            "timeouts": null,
            "type": "BuiltInRole"
          },
          "sensitive_attributes": []
        }
      ]
    },
    {
      "mode": "managed",
      "type": "azuread_group",
      "name": "aad_group",
      "provider": "provider[\"registry.terraform.io/hashicorp/azuread\"]",
      "instances": [
        {
          "schema_version": 0,
          "attributes": {
            "assignable_to_role": false,
            "auto_subscribe_new_members": false,
            "behaviors": null,
            "description": "",
            "display_name": "MyGrp",
            "dynamic_membership": [],
            "external_senders_allowed": false,
            "hide_from_address_lists": false,
            "hide_from_outlook_clients": false,
            "id": "fa7a6312-b44c-40f0-80fd-3bfa142b2852",
            "mail": "",
            "mail_enabled": false,
            "mail_nickname": "910fc7d9-d",
            "members": [
              "b1af2877-12d3-4bd3-8b98-64e8b0ea845f"
            ],
            "object_id": "fa7a6312-b44c-40f0-80fd-3bfa142b2852",
            "onpremises_domain_name": "",
            "onpremises_netbios_name": "",
            "onpremises_sam_account_name": "",
            "onpremises_security_identifier": "",
            "onpremises_sync_enabled": false,
            "owners": [
              "2ad7b395-3635-4839-a676-2ff202040eb2"
            ],
            "preferred_language": "",
            "prevent_duplicate_names": false,
            "provisioning_options": null,
            "proxy_addresses": [],
            "security_enabled": true,
            "theme": "",
            "timeouts": null,
            "types": null,
            "visibility": ""
          },
          "sensitive_attributes": [],
          "private": "eyJlMmJmYjczMC1lY2FhLTExZTYtOGY4OC0zNDM2M2JjN2M0YzAiOnsiY3JlYXRlIjoxMjAwMDAwMDAwMDAwLCJkZWxldGUiOjMwMDAwMDAwMDAwMCwicmVhZCI6MzAwMDAwMDAwMDAwLCJ1cGRhdGUiOjEyMDAwMDAwMDAwMDB9fQ==",
          "dependencies": [
            "azuread_user.aad_user",
            "data.azuread_client_config.current"
          ]
        }
      ]
    },
    {
      "mode": "managed",
      "type": "azuread_user",
      "name": "aad_user",
      "provider": "provider[\"registry.terraform.io/hashicorp/azuread\"]",
      "instances": [
        {
          "schema_version": 0,
          "attributes": {
            "about_me": "",
            "account_enabled": true,
            "age_group": "",
            "business_phones": [],
            "city": "",
            "company_name": "",
            "consent_provided_for_minor": "",
            "cost_center": "",
            "country": "",
            "creation_type": "",
            "department": "",
            "disable_password_expiration": false,
            "disable_strong_password": false,
            "display_name": "user3",
            "division": "",
            "employee_id": "",
            "employee_type": "",
            "external_user_state": "",
            "fax_number": "",
            "force_password_change": false,
            "given_name": "",
            "id": "b1af2877-12d3-4bd3-8b98-64e8b0ea845f",
            "im_addresses": [],
            "job_title": "",
            "mail": "",
            "mail_nickname": "User",
            "manager_id": "",
            "mobile_phone": "",
            "object_id": "b1af2877-12d3-4bd3-8b98-64e8b0ea845f",
            "office_location": "",
            "onpremises_distinguished_name": "",
            "onpremises_domain_name": "",
            "onpremises_immutable_id": "",
            "onpremises_sam_account_name": "",
            "onpremises_security_identifier": "",
            "onpremises_sync_enabled": false,
            "onpremises_user_principal_name": "",
            "other_mails": [],
            "password": "Secret123@",
            "postal_code": "",
            "preferred_language": "",
            "proxy_addresses": [],
            "show_in_address_list": true,
            "state": "",
            "street_address": "",
            "surname": "",
            "timeouts": null,
            "usage_location": "",
            "user_principal_name": "user3@asifmohammed2022outlook.onmicrosoft.com",
            "user_type": "Member"
          },
          "sensitive_attributes": [],
          "private": "eyJlMmJmYjczMC1lY2FhLTExZTYtOGY4OC0zNDM2M2JjN2M0YzAiOnsiY3JlYXRlIjozMDAwMDAwMDAwMDAsImRlbGV0ZSI6MzAwMDAwMDAwMDAwLCJyZWFkIjozMDAwMDAwMDAwMDAsInVwZGF0ZSI6MzAwMDAwMDAwMDAwfX0="
        }
      ]
    },
    {
      "mode": "managed",
      "type": "azurerm_network_interface",
      "name": "sessionhost_nic",
      "provider": "provider[\"registry.terraform.io/hashicorp/azurerm\"]",
      "instances": [
        {
          "index_key": 0,
          "schema_version": 0,
          "attributes": {
            "applied_dns_servers": [],
            "dns_servers": [],
            "enable_accelerated_networking": false,
            "enable_ip_forwarding": false,
            "id": "/subscriptions/ceb3c55a-64b2-4fb3-938c-044b55e59259/resourceGroups/avd-new/providers/Microsoft.Network/networkInterfaces/nic-avd-0",
            "internal_dns_name_label": "",
            "internal_domain_name_suffix": "yuvvishefppuha3fwgje0hyc1g.ax.internal.cloudapp.net",
            "ip_configuration": [
              {
                "gateway_load_balancer_frontend_ip_configuration_id": "",
                "name": "internal",
                "primary": true,
                "private_ip_address": "10.1.0.5",
                "private_ip_address_allocation": "Dynamic",
                "private_ip_address_version": "IPv4",
                "public_ip_address_id": "",
                "subnet_id": "/subscriptions/ceb3c55a-64b2-4fb3-938c-044b55e59259/resourceGroups/avd-new/providers/Microsoft.Network/virtualNetworks/avd-vnet/subnets/avd-subnet"
              }
            ],
            "location": "westeurope",
            "mac_address": "00-22-48-85-8F-C0",
            "name": "nic-avd-0",
            "private_ip_address": "10.1.0.5",
            "private_ip_addresses": [
              "10.1.0.5"
            ],
            "resource_group_name": "avd-new",
            "tags": {},
            "timeouts": null,
            "virtual_machine_id": "/subscriptions/ceb3c55a-64b2-4fb3-938c-044b55e59259/resourceGroups/avd-new/providers/Microsoft.Compute/virtualMachines/avdvm-0"
          },
          "sensitive_attributes": [],
          "private": "eyJlMmJmYjczMC1lY2FhLTExZTYtOGY4OC0zNDM2M2JjN2M0YzAiOnsiY3JlYXRlIjoxODAwMDAwMDAwMDAwLCJkZWxldGUiOjE4MDAwMDAwMDAwMDAsInJlYWQiOjMwMDAwMDAwMDAwMCwidXBkYXRlIjoxODAwMDAwMDAwMDAwfX0=",
          "dependencies": [
            "azurerm_resource_group.rg-avd",
            "azurerm_subnet.defaultSubnet",
            "azurerm_virtual_network.vnet"
          ]
        },
        {
          "index_key": 1,
          "schema_version": 0,
          "attributes": {
            "applied_dns_servers": [],
            "dns_servers": [],
            "enable_accelerated_networking": false,
            "enable_ip_forwarding": false,
            "id": "/subscriptions/ceb3c55a-64b2-4fb3-938c-044b55e59259/resourceGroups/avd-new/providers/Microsoft.Network/networkInterfaces/nic-avd-1",
            "internal_dns_name_label": "",
            "internal_domain_name_suffix": "yuvvishefppuha3fwgje0hyc1g.ax.internal.cloudapp.net",
            "ip_configuration": [
              {
                "gateway_load_balancer_frontend_ip_configuration_id": "",
                "name": "internal",
                "primary": true,
                "private_ip_address": "10.1.0.4",
                "private_ip_address_allocation": "Dynamic",
                "private_ip_address_version": "IPv4",
                "public_ip_address_id": "",
                "subnet_id": "/subscriptions/ceb3c55a-64b2-4fb3-938c-044b55e59259/resourceGroups/avd-new/providers/Microsoft.Network/virtualNetworks/avd-vnet/subnets/avd-subnet"
              }
            ],
            "location": "westeurope",
            "mac_address": "00-0D-3A-47-56-9B",
            "name": "nic-avd-1",
            "private_ip_address": "10.1.0.4",
            "private_ip_addresses": [
              "10.1.0.4"
            ],
            "resource_group_name": "avd-new",
            "tags": {},
            "timeouts": null,
            "virtual_machine_id": "/subscriptions/ceb3c55a-64b2-4fb3-938c-044b55e59259/resourceGroups/avd-new/providers/Microsoft.Compute/virtualMachines/avdvm-1"
          },
          "sensitive_attributes": [],
          "private": "eyJlMmJmYjczMC1lY2FhLTExZTYtOGY4OC0zNDM2M2JjN2M0YzAiOnsiY3JlYXRlIjoxODAwMDAwMDAwMDAwLCJkZWxldGUiOjE4MDAwMDAwMDAwMDAsInJlYWQiOjMwMDAwMDAwMDAwMCwidXBkYXRlIjoxODAwMDAwMDAwMDAwfX0=",
          "dependencies": [
            "azurerm_resource_group.rg-avd",
            "azurerm_subnet.defaultSubnet",
            "azurerm_virtual_network.vnet"
          ]
        }
      ]
    },
    {
      "mode": "managed",
      "type": "azurerm_network_security_group",
      "name": "nsg",
      "provider": "provider[\"registry.terraform.io/hashicorp/azurerm\"]",
      "instances": [
        {
          "schema_version": 0,
          "attributes": {
            "id": "/subscriptions/ceb3c55a-64b2-4fb3-938c-044b55e59259/resourceGroups/avd-new/providers/Microsoft.Network/networkSecurityGroups/avd-nsg",
            "location": "westeurope",
            "name": "avd-nsg",
            "resource_group_name": "avd-new",
            "security_rule": [
              {
                "access": "Allow",
                "description": "",
                "destination_address_prefix": "*",
                "destination_address_prefixes": [],
                "destination_application_security_group_ids": [],
                "destination_port_range": "3389",
                "destination_port_ranges": [],
                "direction": "Inbound",
                "name": "allow-rdp",
                "priority": 100,
                "protocol": "Tcp",
                "source_address_prefix": "*",
                "source_address_prefixes": [],
                "source_application_security_group_ids": [],
                "source_port_range": "*",
                "source_port_ranges": []
              }
            ],
            "tags": {},
            "timeouts": null
          },
          "sensitive_attributes": [],
          "private": "eyJlMmJmYjczMC1lY2FhLTExZTYtOGY4OC0zNDM2M2JjN2M0YzAiOnsiY3JlYXRlIjoxODAwMDAwMDAwMDAwLCJkZWxldGUiOjE4MDAwMDAwMDAwMDAsInJlYWQiOjMwMDAwMDAwMDAwMCwidXBkYXRlIjoxODAwMDAwMDAwMDAwfX0=",
          "dependencies": [
            "azurerm_resource_group.rg-avd"
          ]
        }
      ]
    },
    {
      "mode": "managed",
      "type": "azurerm_resource_group",
      "name": "rg-avd",
      "provider": "provider[\"registry.terraform.io/hashicorp/azurerm\"]",
      "instances": [
        {
          "schema_version": 0,
          "attributes": {
            "id": "/subscriptions/ceb3c55a-64b2-4fb3-938c-044b55e59259/resourceGroups/avd-new",
            "location": "westeurope",
            "name": "avd-new",
            "tags": {},
            "timeouts": null
          },
          "sensitive_attributes": [],
          "private": "eyJlMmJmYjczMC1lY2FhLTExZTYtOGY4OC0zNDM2M2JjN2M0YzAiOnsiY3JlYXRlIjo1NDAwMDAwMDAwMDAwLCJkZWxldGUiOjU0MDAwMDAwMDAwMDAsInJlYWQiOjMwMDAwMDAwMDAwMCwidXBkYXRlIjo1NDAwMDAwMDAwMDAwfX0="
        }
      ]
    },
    {
      "mode": "managed",
      "type": "azurerm_role_assignment",
      "name": "role",
      "provider": "provider[\"registry.terraform.io/hashicorp/azurerm\"]",
      "instances": [
        {
          "schema_version": 0,
          "attributes": {
            "condition": "",
            "condition_version": "",
            "delegated_managed_identity_resource_id": "",
            "description": "",
            "id": "/subscriptions/ceb3c55a-64b2-4fb3-938c-044b55e59259/resourceGroups/avd-new/providers/Microsoft.DesktopVirtualization/applicationGroups/AVD-Desktop/providers/Microsoft.Authorization/roleAssignments/a2fa0cee-a35d-2d71-1e82-b05d72616c49",
            "name": "a2fa0cee-a35d-2d71-1e82-b05d72616c49",
            "principal_id": "fa7a6312-b44c-40f0-80fd-3bfa142b2852",
            "principal_type": "Group",
            "role_definition_id": "/subscriptions/ceb3c55a-64b2-4fb3-938c-044b55e59259/providers/Microsoft.Authorization/roleDefinitions/1d18fff3-a72a-46b5-b4a9-0b38a3cd7e63",
            "role_definition_name": "Desktop Virtualization User",
            "scope": "/subscriptions/ceb3c55a-64b2-4fb3-938c-044b55e59259/resourceGroups/avd-new/providers/Microsoft.DesktopVirtualization/applicationGroups/AVD-Desktop",
            "skip_service_principal_aad_check": null,
            "timeouts": null
          },
          "sensitive_attributes": [],
          "private": "eyJlMmJmYjczMC1lY2FhLTExZTYtOGY4OC0zNDM2M2JjN2M0YzAiOnsiY3JlYXRlIjoxODAwMDAwMDAwMDAwLCJkZWxldGUiOjE4MDAwMDAwMDAwMDAsInJlYWQiOjMwMDAwMDAwMDAwMCwidXBkYXRlIjoxODAwMDAwMDAwMDAwfX0=",
          "dependencies": [
            "azuread_group.aad_group",
            "azuread_user.aad_user",
            "azurerm_resource_group.rg-avd",
            "azurerm_virtual_desktop_application_group.desktopapp",
            "azurerm_virtual_desktop_host_pool.avd-hp",
            "data.azuread_client_config.current",
            "data.azurerm_role_definition.role"
          ]
        }
      ]
    },
    {
      "mode": "managed",
      "type": "azurerm_subnet",
      "name": "defaultSubnet",
      "provider": "provider[\"registry.terraform.io/hashicorp/azurerm\"]",
      "instances": [
        {
          "schema_version": 0,
          "attributes": {
            "address_prefix": "10.1.0.0/24",
            "address_prefixes": [
              "10.1.0.0/24"
            ],
            "delegation": [],
            "enforce_private_link_endpoint_network_policies": false,
            "enforce_private_link_service_network_policies": false,
            "id": "/subscriptions/ceb3c55a-64b2-4fb3-938c-044b55e59259/resourceGroups/avd-new/providers/Microsoft.Network/virtualNetworks/avd-vnet/subnets/avd-subnet",
            "name": "avd-subnet",
            "resource_group_name": "avd-new",
            "service_endpoint_policy_ids": [],
            "service_endpoints": [],
            "timeouts": null,
            "virtual_network_name": "avd-vnet"
          },
          "sensitive_attributes": [],
          "private": "eyJlMmJmYjczMC1lY2FhLTExZTYtOGY4OC0zNDM2M2JjN2M0YzAiOnsiY3JlYXRlIjoxODAwMDAwMDAwMDAwLCJkZWxldGUiOjE4MDAwMDAwMDAwMDAsInJlYWQiOjMwMDAwMDAwMDAwMCwidXBkYXRlIjoxODAwMDAwMDAwMDAwfX0=",
          "dependencies": [
            "azurerm_resource_group.rg-avd",
            "azurerm_virtual_network.vnet"
          ]
        }
      ]
    },
    {
      "mode": "managed",
      "type": "azurerm_subnet_network_security_group_association",
      "name": "nsg_association",
      "provider": "provider[\"registry.terraform.io/hashicorp/azurerm\"]",
      "instances": [
        {
          "schema_version": 0,
          "attributes": {
            "id": "/subscriptions/ceb3c55a-64b2-4fb3-938c-044b55e59259/resourceGroups/avd-new/providers/Microsoft.Network/virtualNetworks/avd-vnet/subnets/avd-subnet",
            "network_security_group_id": "/subscriptions/ceb3c55a-64b2-4fb3-938c-044b55e59259/resourceGroups/avd-new/providers/Microsoft.Network/networkSecurityGroups/avd-nsg",
            "subnet_id": "/subscriptions/ceb3c55a-64b2-4fb3-938c-044b55e59259/resourceGroups/avd-new/providers/Microsoft.Network/virtualNetworks/avd-vnet/subnets/avd-subnet",
            "timeouts": null
          },
          "sensitive_attributes": [],
          "private": "eyJlMmJmYjczMC1lY2FhLTExZTYtOGY4OC0zNDM2M2JjN2M0YzAiOnsiY3JlYXRlIjoxODAwMDAwMDAwMDAwLCJkZWxldGUiOjE4MDAwMDAwMDAwMDAsInJlYWQiOjMwMDAwMDAwMDAwMCwidXBkYXRlIjoxODAwMDAwMDAwMDAwfX0=",
          "dependencies": [
            "azurerm_network_security_group.nsg",
            "azurerm_resource_group.rg-avd",
            "azurerm_subnet.defaultSubnet",
            "azurerm_virtual_network.vnet"
          ]
        }
      ]
    },
    {
      "mode": "managed",
      "type": "azurerm_virtual_desktop_application_group",
      "name": "desktopapp",
      "provider": "provider[\"registry.terraform.io/hashicorp/azurerm\"]",
      "instances": [
        {
          "schema_version": 1,
          "attributes": {
            "default_desktop_display_name": "",
            "description": "avd applications",
            "friendly_name": "AVD-application",
            "host_pool_id": "/subscriptions/ceb3c55a-64b2-4fb3-938c-044b55e59259/resourceGroups/avd-new/providers/Microsoft.DesktopVirtualization/hostPools/testhostpool",
            "id": "/subscriptions/ceb3c55a-64b2-4fb3-938c-044b55e59259/resourceGroups/avd-new/providers/Microsoft.DesktopVirtualization/applicationGroups/AVD-Desktop",
            "location": "westeurope",
            "name": "AVD-Desktop",
            "resource_group_name": "avd-new",
            "tags": {},
            "timeouts": null,
            "type": "Desktop"
          },
          "sensitive_attributes": [],
          "private": "eyJlMmJmYjczMC1lY2FhLTExZTYtOGY4OC0zNDM2M2JjN2M0YzAiOnsiY3JlYXRlIjozNjAwMDAwMDAwMDAwLCJkZWxldGUiOjM2MDAwMDAwMDAwMDAsInJlYWQiOjMwMDAwMDAwMDAwMCwidXBkYXRlIjozNjAwMDAwMDAwMDAwfSwic2NoZW1hX3ZlcnNpb24iOiIxIn0=",
          "dependencies": [
            "azurerm_resource_group.rg-avd",
            "azurerm_virtual_desktop_host_pool.avd-hp"
          ]
        }
      ]
    },
    {
      "mode": "managed",
      "type": "azurerm_virtual_desktop_host_pool",
      "name": "avd-hp",
      "provider": "provider[\"registry.terraform.io/hashicorp/azurerm\"]",
      "instances": [
        {
          "schema_version": 1,
          "attributes": {
            "custom_rdp_properties": "audiocapturemode:i:1;audiomode:i:0;targetisaadjoined:i:1;",
            "description": "avd host-poool demo",
            "friendly_name": "avdpool",
            "id": "/subscriptions/ceb3c55a-64b2-4fb3-938c-044b55e59259/resourceGroups/avd-new/providers/Microsoft.DesktopVirtualization/hostPools/testhostpool",
            "load_balancer_type": "DepthFirst",
            "location": "westeurope",
            "maximum_sessions_allowed": 5,
            "name": "testhostpool",
            "personal_desktop_assignment_type": "",
            "preferred_app_group_type": "Desktop",
            "registration_info": [],
            "resource_group_name": "avd-new",
            "start_vm_on_connect": true,
            "tags": {},
            "timeouts": null,
            "type": "Pooled",
            "validate_environment": true
          },
          "sensitive_attributes": [],
          "private": "eyJlMmJmYjczMC1lY2FhLTExZTYtOGY4OC0zNDM2M2JjN2M0YzAiOnsiY3JlYXRlIjozNjAwMDAwMDAwMDAwLCJkZWxldGUiOjM2MDAwMDAwMDAwMDAsInJlYWQiOjMwMDAwMDAwMDAwMCwidXBkYXRlIjozNjAwMDAwMDAwMDAwfSwic2NoZW1hX3ZlcnNpb24iOiIxIn0=",
          "dependencies": [
            "azurerm_resource_group.rg-avd"
          ]
        }
      ]
    },
    {
      "mode": "managed",
      "type": "azurerm_virtual_desktop_workspace",
      "name": "workspace",
      "provider": "provider[\"registry.terraform.io/hashicorp/azurerm\"]",
      "instances": [
        {
          "schema_version": 1,
          "attributes": {
            "description": "Work Purporse",
            "friendly_name": "ANS-AVD_WRSPC",
            "id": "/subscriptions/ceb3c55a-64b2-4fb3-938c-044b55e59259/resourceGroups/avd-new/providers/Microsoft.DesktopVirtualization/workspaces/AVD-WORKSPACE",
            "location": "westeurope",
            "name": "AVD-WORKSPACE",
            "resource_group_name": "avd-new",
            "tags": {},
            "timeouts": null
          },
          "sensitive_attributes": [],
          "private": "eyJlMmJmYjczMC1lY2FhLTExZTYtOGY4OC0zNDM2M2JjN2M0YzAiOnsiY3JlYXRlIjozNjAwMDAwMDAwMDAwLCJkZWxldGUiOjM2MDAwMDAwMDAwMDAsInJlYWQiOjMwMDAwMDAwMDAwMCwidXBkYXRlIjozNjAwMDAwMDAwMDAwfSwic2NoZW1hX3ZlcnNpb24iOiIxIn0=",
          "dependencies": [
            "azurerm_resource_group.rg-avd"
          ]
        }
      ]
    },
    {
      "mode": "managed",
      "type": "azurerm_virtual_desktop_workspace_application_group_association",
      "name": "workspaceremoteapp",
      "provider": "provider[\"registry.terraform.io/hashicorp/azurerm\"]",
      "instances": [
        {
          "schema_version": 1,
          "attributes": {
            "application_group_id": "/subscriptions/ceb3c55a-64b2-4fb3-938c-044b55e59259/resourceGroups/avd-new/providers/Microsoft.DesktopVirtualization/applicationGroups/AVD-Desktop",
            "id": "/subscriptions/ceb3c55a-64b2-4fb3-938c-044b55e59259/resourceGroups/avd-new/providers/Microsoft.DesktopVirtualization/workspaces/AVD-WORKSPACE|/subscriptions/ceb3c55a-64b2-4fb3-938c-044b55e59259/resourceGroups/avd-new/providers/Microsoft.DesktopVirtualization/applicationGroups/AVD-Desktop",
            "timeouts": null,
            "workspace_id": "/subscriptions/ceb3c55a-64b2-4fb3-938c-044b55e59259/resourceGroups/avd-new/providers/Microsoft.DesktopVirtualization/workspaces/AVD-WORKSPACE"
          },
          "sensitive_attributes": [],
          "private": "eyJlMmJmYjczMC1lY2FhLTExZTYtOGY4OC0zNDM2M2JjN2M0YzAiOnsiY3JlYXRlIjozNjAwMDAwMDAwMDAwLCJkZWxldGUiOjM2MDAwMDAwMDAwMDAsInJlYWQiOjMwMDAwMDAwMDAwMCwidXBkYXRlIjozNjAwMDAwMDAwMDAwfSwic2NoZW1hX3ZlcnNpb24iOiIxIn0=",
          "dependencies": [
            "azurerm_resource_group.rg-avd",
            "azurerm_virtual_desktop_application_group.desktopapp",
            "azurerm_virtual_desktop_host_pool.avd-hp",
            "azurerm_virtual_desktop_workspace.workspace"
          ]
        }
      ]
    },
    {
      "mode": "managed",
      "type": "azurerm_virtual_machine_extension",
      "name": "AADLoginForWindows",
      "provider": "provider[\"registry.terraform.io/hashicorp/azurerm\"]",
      "instances": [
        {
          "index_key": 0,
          "schema_version": 0,
          "attributes": {
            "auto_upgrade_minor_version": true,
            "automatic_upgrade_enabled": false,
            "id": "/subscriptions/ceb3c55a-64b2-4fb3-938c-044b55e59259/resourceGroups/avd-new/providers/Microsoft.Compute/virtualMachines/avdvm-0/extensions/AADLoginForWindows",
            "name": "AADLoginForWindows",
            "protected_settings": null,
            "publisher": "Microsoft.Azure.ActiveDirectory",
            "settings": null,
            "tags": {},
            "timeouts": null,
            "type": "AADLoginForWindows",
            "type_handler_version": "1.0",
            "virtual_machine_id": "/subscriptions/ceb3c55a-64b2-4fb3-938c-044b55e59259/resourceGroups/avd-new/providers/Microsoft.Compute/virtualMachines/avdvm-0"
          },
          "sensitive_attributes": [],
          "private": "eyJlMmJmYjczMC1lY2FhLTExZTYtOGY4OC0zNDM2M2JjN2M0YzAiOnsiY3JlYXRlIjoxODAwMDAwMDAwMDAwLCJkZWxldGUiOjE4MDAwMDAwMDAwMDAsInJlYWQiOjMwMDAwMDAwMDAwMCwidXBkYXRlIjoxODAwMDAwMDAwMDAwfX0=",
          "dependencies": [
            "azurerm_network_interface.sessionhost_nic",
            "azurerm_resource_group.rg-avd",
            "azurerm_subnet.defaultSubnet",
            "azurerm_virtual_desktop_host_pool.avd-hp",
            "azurerm_virtual_machine_extension.AVDModule",
            "azurerm_virtual_network.vnet",
            "azurerm_windows_virtual_machine.avd_sessionhost"
          ]
        },
        {
          "index_key": 1,
          "schema_version": 0,
          "attributes": {
            "auto_upgrade_minor_version": true,
            "automatic_upgrade_enabled": false,
            "id": "/subscriptions/ceb3c55a-64b2-4fb3-938c-044b55e59259/resourceGroups/avd-new/providers/Microsoft.Compute/virtualMachines/avdvm-1/extensions/AADLoginForWindows",
            "name": "AADLoginForWindows",
            "protected_settings": null,
            "publisher": "Microsoft.Azure.ActiveDirectory",
            "settings": null,
            "tags": {},
            "timeouts": null,
            "type": "AADLoginForWindows",
            "type_handler_version": "1.0",
            "virtual_machine_id": "/subscriptions/ceb3c55a-64b2-4fb3-938c-044b55e59259/resourceGroups/avd-new/providers/Microsoft.Compute/virtualMachines/avdvm-1"
          },
          "sensitive_attributes": [],
          "private": "eyJlMmJmYjczMC1lY2FhLTExZTYtOGY4OC0zNDM2M2JjN2M0YzAiOnsiY3JlYXRlIjoxODAwMDAwMDAwMDAwLCJkZWxldGUiOjE4MDAwMDAwMDAwMDAsInJlYWQiOjMwMDAwMDAwMDAwMCwidXBkYXRlIjoxODAwMDAwMDAwMDAwfX0=",
          "dependencies": [
            "azurerm_network_interface.sessionhost_nic",
            "azurerm_resource_group.rg-avd",
            "azurerm_subnet.defaultSubnet",
            "azurerm_virtual_desktop_host_pool.avd-hp",
            "azurerm_virtual_machine_extension.AVDModule",
            "azurerm_virtual_network.vnet",
            "azurerm_windows_virtual_machine.avd_sessionhost"
          ]
        }
      ]
    },
    {
      "mode": "managed",
      "type": "azurerm_virtual_machine_extension",
      "name": "AVDModule",
      "provider": "provider[\"registry.terraform.io/hashicorp/azurerm\"]",
      "instances": [
        {
          "index_key": 0,
          "schema_version": 0,
          "attributes": {
            "auto_upgrade_minor_version": false,
            "automatic_upgrade_enabled": false,
            "id": "/subscriptions/ceb3c55a-64b2-4fb3-938c-044b55e59259/resourceGroups/avd-new/providers/Microsoft.Compute/virtualMachines/avdvm-0/extensions/Microsoft.PowerShell.DSC",
            "name": "Microsoft.PowerShell.DSC",
            "protected_settings": "  {\r\n    \"properties\": {\r\n      \"registrationInfoToken\": \"eyJhbGciOiJSUzI1NiIsImtpZCI6IjQ4NEJBMzVERTg5RjQxODlEQUQ4RDREMUFBRDg3MzBCRkZCNzg2QzAiLCJ0eXAiOiJKV1QifQ.eyJSZWdpc3RyYXRpb25JZCI6IjlhMWEzNTI5LTgwNmEtNDFkZC04MDBkLWJlYjJiZTM4YzdjMiIsIkJyb2tlclVyaSI6Imh0dHBzOi8vcmRicm9rZXItZy1ldS1yMC53dmQubWljcm9zb2Z0LmNvbS8iLCJEaWFnbm9zdGljc1VyaSI6Imh0dHBzOi8vcmRkaWFnbm9zdGljcy1nLWV1LXIwLnd2ZC5taWNyb3NvZnQuY29tLyIsIkVuZHBvaW50UG9vbElkIjoiNGQ5MGIzOGQtODk3Ni00NzU4LTgzZjYtYWNjNTVkZjRkMmFkIiwiR2xvYmFsQnJva2VyVXJpIjoiaHR0cHM6Ly9yZGJyb2tlci53dmQubWljcm9zb2Z0LmNvbS8iLCJHZW9ncmFwaHkiOiJFVSIsIkdsb2JhbEJyb2tlclJlc291cmNlSWRVcmkiOiJodHRwczovLzRkOTBiMzhkLTg5NzYtNDc1OC04M2Y2LWFjYzU1ZGY0ZDJhZC5yZGJyb2tlci53dmQubWljcm9zb2Z0LmNvbS8iLCJCcm9rZXJSZXNvdXJjZUlkVXJpIjoiaHR0cHM6Ly80ZDkwYjM4ZC04OTc2LTQ3NTgtODNmNi1hY2M1NWRmNGQyYWQucmRicm9rZXItZy1ldS1yMC53dmQubWljcm9zb2Z0LmNvbS8iLCJEaWFnbm9zdGljc1Jlc291cmNlSWRVcmkiOiJodHRwczovLzRkOTBiMzhkLTg5NzYtNDc1OC04M2Y2LWFjYzU1ZGY0ZDJhZC5yZGRpYWdub3N0aWNzLWctZXUtcjAud3ZkLm1pY3Jvc29mdC5jb20vIiwiQUFEVGVuYW50SWQiOiI2M2NmMTRiNC03ZDBlLTQ0OTgtOTg3OS03NjIyYTIxZWEwOTIiLCJuYmYiOjE2Njg3NTI1ODAsImV4cCI6MTY2OTA1NTQwMCwiaXNzIjoiUkRJbmZyYVRva2VuTWFuYWdlciIsImF1ZCI6IlJEbWkifQ.jgbYCDupG2IMYdRKRJ5uC7lobytem6Fh0Q0thnQQ0Zrj5M9IeDOTSXbMEdJX4MuwpLJNY1Gi3Ao0C5PXCEREPLPn7vWw0ArkV4cCH6ycPhBEkSGlh5s85CLRUxMaWhs2ilO0E7qs3DNrxdF0YpgOkrNjuUTz8FneV5GzPsLiAv_vkEvU03XLdPE5LQMdKEwBLkAZWzfaLYHH_T6dvu-i85m6l3p3WGh-Yh9jMcKfv-5OO5pJNXcmvW5Nd8Z1U8n2QxPHXYWWTgJxTmNbbDbVLCUv23GfHFeqBhVBg57Hy0CpnpXMua607bz1etERLE9FtVilkucZPzsIqPkxDD4iYA\"\r\n    }\r\n  }\r\n",
            "publisher": "Microsoft.Powershell",
            "settings": "{\"ConfigurationFunction\":\"Configuration.ps1\\\\AddSessionHost\",\"Properties\":{\"aadJoin\":true,\"hostPoolName\":\"testhostpool\"},\"modulesUrl\":\"https://wvdportalstorageblob.blob.core.windows.net/galleryartifacts/Configuration_11-22-2021.zip\"}",
            "tags": {},
            "timeouts": null,
            "type": "DSC",
            "type_handler_version": "2.73",
            "virtual_machine_id": "/subscriptions/ceb3c55a-64b2-4fb3-938c-044b55e59259/resourceGroups/avd-new/providers/Microsoft.Compute/virtualMachines/avdvm-0"
          },
          "sensitive_attributes": [],
          "private": "eyJlMmJmYjczMC1lY2FhLTExZTYtOGY4OC0zNDM2M2JjN2M0YzAiOnsiY3JlYXRlIjoxODAwMDAwMDAwMDAwLCJkZWxldGUiOjE4MDAwMDAwMDAwMDAsInJlYWQiOjMwMDAwMDAwMDAwMCwidXBkYXRlIjoxODAwMDAwMDAwMDAwfX0=",
          "dependencies": [
            "azurerm_network_interface.sessionhost_nic",
            "azurerm_resource_group.rg-avd",
            "azurerm_subnet.defaultSubnet",
            "azurerm_virtual_desktop_host_pool.avd-hp",
            "azurerm_virtual_network.vnet",
            "azurerm_windows_virtual_machine.avd_sessionhost"
          ]
        },
        {
          "index_key": 1,
          "schema_version": 0,
          "attributes": {
            "auto_upgrade_minor_version": false,
            "automatic_upgrade_enabled": false,
            "id": "/subscriptions/ceb3c55a-64b2-4fb3-938c-044b55e59259/resourceGroups/avd-new/providers/Microsoft.Compute/virtualMachines/avdvm-1/extensions/Microsoft.PowerShell.DSC",
            "name": "Microsoft.PowerShell.DSC",
            "protected_settings": "  {\r\n    \"properties\": {\r\n      \"registrationInfoToken\": \"eyJhbGciOiJSUzI1NiIsImtpZCI6IjQ4NEJBMzVERTg5RjQxODlEQUQ4RDREMUFBRDg3MzBCRkZCNzg2QzAiLCJ0eXAiOiJKV1QifQ.eyJSZWdpc3RyYXRpb25JZCI6IjlhMWEzNTI5LTgwNmEtNDFkZC04MDBkLWJlYjJiZTM4YzdjMiIsIkJyb2tlclVyaSI6Imh0dHBzOi8vcmRicm9rZXItZy1ldS1yMC53dmQubWljcm9zb2Z0LmNvbS8iLCJEaWFnbm9zdGljc1VyaSI6Imh0dHBzOi8vcmRkaWFnbm9zdGljcy1nLWV1LXIwLnd2ZC5taWNyb3NvZnQuY29tLyIsIkVuZHBvaW50UG9vbElkIjoiNGQ5MGIzOGQtODk3Ni00NzU4LTgzZjYtYWNjNTVkZjRkMmFkIiwiR2xvYmFsQnJva2VyVXJpIjoiaHR0cHM6Ly9yZGJyb2tlci53dmQubWljcm9zb2Z0LmNvbS8iLCJHZW9ncmFwaHkiOiJFVSIsIkdsb2JhbEJyb2tlclJlc291cmNlSWRVcmkiOiJodHRwczovLzRkOTBiMzhkLTg5NzYtNDc1OC04M2Y2LWFjYzU1ZGY0ZDJhZC5yZGJyb2tlci53dmQubWljcm9zb2Z0LmNvbS8iLCJCcm9rZXJSZXNvdXJjZUlkVXJpIjoiaHR0cHM6Ly80ZDkwYjM4ZC04OTc2LTQ3NTgtODNmNi1hY2M1NWRmNGQyYWQucmRicm9rZXItZy1ldS1yMC53dmQubWljcm9zb2Z0LmNvbS8iLCJEaWFnbm9zdGljc1Jlc291cmNlSWRVcmkiOiJodHRwczovLzRkOTBiMzhkLTg5NzYtNDc1OC04M2Y2LWFjYzU1ZGY0ZDJhZC5yZGRpYWdub3N0aWNzLWctZXUtcjAud3ZkLm1pY3Jvc29mdC5jb20vIiwiQUFEVGVuYW50SWQiOiI2M2NmMTRiNC03ZDBlLTQ0OTgtOTg3OS03NjIyYTIxZWEwOTIiLCJuYmYiOjE2Njg3NTI1ODAsImV4cCI6MTY2OTA1NTQwMCwiaXNzIjoiUkRJbmZyYVRva2VuTWFuYWdlciIsImF1ZCI6IlJEbWkifQ.jgbYCDupG2IMYdRKRJ5uC7lobytem6Fh0Q0thnQQ0Zrj5M9IeDOTSXbMEdJX4MuwpLJNY1Gi3Ao0C5PXCEREPLPn7vWw0ArkV4cCH6ycPhBEkSGlh5s85CLRUxMaWhs2ilO0E7qs3DNrxdF0YpgOkrNjuUTz8FneV5GzPsLiAv_vkEvU03XLdPE5LQMdKEwBLkAZWzfaLYHH_T6dvu-i85m6l3p3WGh-Yh9jMcKfv-5OO5pJNXcmvW5Nd8Z1U8n2QxPHXYWWTgJxTmNbbDbVLCUv23GfHFeqBhVBg57Hy0CpnpXMua607bz1etERLE9FtVilkucZPzsIqPkxDD4iYA\"\r\n    }\r\n  }\r\n",
            "publisher": "Microsoft.Powershell",
            "settings": "{\"ConfigurationFunction\":\"Configuration.ps1\\\\AddSessionHost\",\"Properties\":{\"aadJoin\":true,\"hostPoolName\":\"testhostpool\"},\"modulesUrl\":\"https://wvdportalstorageblob.blob.core.windows.net/galleryartifacts/Configuration_11-22-2021.zip\"}",
            "tags": {},
            "timeouts": null,
            "type": "DSC",
            "type_handler_version": "2.73",
            "virtual_machine_id": "/subscriptions/ceb3c55a-64b2-4fb3-938c-044b55e59259/resourceGroups/avd-new/providers/Microsoft.Compute/virtualMachines/avdvm-1"
          },
          "sensitive_attributes": [],
          "private": "eyJlMmJmYjczMC1lY2FhLTExZTYtOGY4OC0zNDM2M2JjN2M0YzAiOnsiY3JlYXRlIjoxODAwMDAwMDAwMDAwLCJkZWxldGUiOjE4MDAwMDAwMDAwMDAsInJlYWQiOjMwMDAwMDAwMDAwMCwidXBkYXRlIjoxODAwMDAwMDAwMDAwfX0=",
          "dependencies": [
            "azurerm_network_interface.sessionhost_nic",
            "azurerm_resource_group.rg-avd",
            "azurerm_subnet.defaultSubnet",
            "azurerm_virtual_desktop_host_pool.avd-hp",
            "azurerm_virtual_network.vnet",
            "azurerm_windows_virtual_machine.avd_sessionhost"
          ]
        }
      ]
    },
    {
      "mode": "managed",
      "type": "azurerm_virtual_machine_extension",
      "name": "addaadjprivate",
      "provider": "provider[\"registry.terraform.io/hashicorp/azurerm\"]",
      "instances": [
        {
          "index_key": 0,
          "schema_version": 0,
          "attributes": {
            "auto_upgrade_minor_version": false,
            "automatic_upgrade_enabled": false,
            "id": "/subscriptions/ceb3c55a-64b2-4fb3-938c-044b55e59259/resourceGroups/avd-new/providers/Microsoft.Compute/virtualMachines/avdvm-0/extensions/AADJPRIVATE",
            "name": "AADJPRIVATE",
            "protected_settings": null,
            "publisher": "Microsoft.Compute",
            "settings": "{\"commandToExecute\":\"powershell.exe -Command \\\"New-Item -Path HKLM:/SOFTWARE/Microsoft/RDInfraAgent/AADJPrivate; shutdown -r -t 10; exit 0\\\"\"}",
            "tags": {},
            "timeouts": null,
            "type": "CustomScriptExtension",
            "type_handler_version": "1.9",
            "virtual_machine_id": "/subscriptions/ceb3c55a-64b2-4fb3-938c-044b55e59259/resourceGroups/avd-new/providers/Microsoft.Compute/virtualMachines/avdvm-0"
          },
          "sensitive_attributes": [],
          "private": "eyJlMmJmYjczMC1lY2FhLTExZTYtOGY4OC0zNDM2M2JjN2M0YzAiOnsiY3JlYXRlIjoxODAwMDAwMDAwMDAwLCJkZWxldGUiOjE4MDAwMDAwMDAwMDAsInJlYWQiOjMwMDAwMDAwMDAwMCwidXBkYXRlIjoxODAwMDAwMDAwMDAwfX0=",
          "dependencies": [
            "azurerm_network_interface.sessionhost_nic",
            "azurerm_resource_group.rg-avd",
            "azurerm_subnet.defaultSubnet",
            "azurerm_virtual_desktop_host_pool.avd-hp",
            "azurerm_virtual_machine_extension.AADLoginForWindows",
            "azurerm_virtual_machine_extension.AVDModule",
            "azurerm_virtual_network.vnet",
            "azurerm_windows_virtual_machine.avd_sessionhost"
          ]
        },
        {
          "index_key": 1,
          "schema_version": 0,
          "attributes": {
            "auto_upgrade_minor_version": false,
            "automatic_upgrade_enabled": false,
            "id": "/subscriptions/ceb3c55a-64b2-4fb3-938c-044b55e59259/resourceGroups/avd-new/providers/Microsoft.Compute/virtualMachines/avdvm-1/extensions/AADJPRIVATE",
            "name": "AADJPRIVATE",
            "protected_settings": null,
            "publisher": "Microsoft.Compute",
            "settings": "{\"commandToExecute\":\"powershell.exe -Command \\\"New-Item -Path HKLM:/SOFTWARE/Microsoft/RDInfraAgent/AADJPrivate; shutdown -r -t 10; exit 0\\\"\"}",
            "tags": {},
            "timeouts": null,
            "type": "CustomScriptExtension",
            "type_handler_version": "1.9",
            "virtual_machine_id": "/subscriptions/ceb3c55a-64b2-4fb3-938c-044b55e59259/resourceGroups/avd-new/providers/Microsoft.Compute/virtualMachines/avdvm-1"
          },
          "sensitive_attributes": [],
          "private": "eyJlMmJmYjczMC1lY2FhLTExZTYtOGY4OC0zNDM2M2JjN2M0YzAiOnsiY3JlYXRlIjoxODAwMDAwMDAwMDAwLCJkZWxldGUiOjE4MDAwMDAwMDAwMDAsInJlYWQiOjMwMDAwMDAwMDAwMCwidXBkYXRlIjoxODAwMDAwMDAwMDAwfX0=",
          "dependencies": [
            "azurerm_network_interface.sessionhost_nic",
            "azurerm_resource_group.rg-avd",
            "azurerm_subnet.defaultSubnet",
            "azurerm_virtual_desktop_host_pool.avd-hp",
            "azurerm_virtual_machine_extension.AADLoginForWindows",
            "azurerm_virtual_machine_extension.AVDModule",
            "azurerm_virtual_network.vnet",
            "azurerm_windows_virtual_machine.avd_sessionhost"
          ]
        }
      ]
    },
    {
      "mode": "managed",
      "type": "azurerm_virtual_network",
      "name": "vnet",
      "provider": "provider[\"registry.terraform.io/hashicorp/azurerm\"]",
      "instances": [
        {
          "schema_version": 0,
          "attributes": {
            "address_space": [
              "10.1.0.0/16"
            ],
            "bgp_community": "",
            "ddos_protection_plan": [],
            "dns_servers": [],
            "flow_timeout_in_minutes": 0,
            "guid": "48542bc5-2be4-43df-83a5-b1924d1f02de",
            "id": "/subscriptions/ceb3c55a-64b2-4fb3-938c-044b55e59259/resourceGroups/avd-new/providers/Microsoft.Network/virtualNetworks/avd-vnet",
            "location": "westeurope",
            "name": "avd-vnet",
            "resource_group_name": "avd-new",
            "subnet": [
              {
                "address_prefix": "10.1.0.0/24",
                "id": "/subscriptions/ceb3c55a-64b2-4fb3-938c-044b55e59259/resourceGroups/avd-new/providers/Microsoft.Network/virtualNetworks/avd-vnet/subnets/avd-subnet",
                "name": "avd-subnet",
                "security_group": "/subscriptions/ceb3c55a-64b2-4fb3-938c-044b55e59259/resourceGroups/avd-new/providers/Microsoft.Network/networkSecurityGroups/avd-nsg"
              }
            ],
            "tags": {},
            "timeouts": null,
            "vm_protection_enabled": false
          },
          "sensitive_attributes": [],
          "private": "eyJlMmJmYjczMC1lY2FhLTExZTYtOGY4OC0zNDM2M2JjN2M0YzAiOnsiY3JlYXRlIjoxODAwMDAwMDAwMDAwLCJkZWxldGUiOjE4MDAwMDAwMDAwMDAsInJlYWQiOjMwMDAwMDAwMDAwMCwidXBkYXRlIjoxODAwMDAwMDAwMDAwfX0=",
          "dependencies": [
            "azurerm_resource_group.rg-avd"
          ]
        }
      ]
    },
    {
      "mode": "managed",
      "type": "azurerm_windows_virtual_machine",
      "name": "avd_sessionhost",
      "provider": "provider[\"registry.terraform.io/hashicorp/azurerm\"]",
      "instances": [
        {
          "index_key": 0,
          "schema_version": 0,
          "attributes": {
            "additional_capabilities": [],
            "additional_unattend_content": [],
            "admin_password": "Password@1234",
            "admin_username": "adminuser",
            "allow_extension_operations": true,
            "availability_set_id": "",
            "boot_diagnostics": [],
            "computer_name": "avdvm-0",
            "custom_data": null,
            "dedicated_host_group_id": "",
            "dedicated_host_id": "",
            "enable_automatic_updates": true,
            "encryption_at_host_enabled": false,
            "eviction_policy": "",
            "extensions_time_budget": "PT1H30M",
            "hotpatching_enabled": false,
            "id": "/subscriptions/ceb3c55a-64b2-4fb3-938c-044b55e59259/resourceGroups/avd-new/providers/Microsoft.Compute/virtualMachines/avdvm-0",
            "identity": [
              {
                "identity_ids": [],
                "principal_id": "9d34f56d-7158-410b-956e-a2953922131d",
                "tenant_id": "63cf14b4-7d0e-4498-9879-7622a21ea092",
                "type": "SystemAssigned"
              }
            ],
            "license_type": "",
            "location": "westeurope",
            "max_bid_price": -1,
            "name": "avdvm-0",
            "network_interface_ids": [
              "/subscriptions/ceb3c55a-64b2-4fb3-938c-044b55e59259/resourceGroups/avd-new/providers/Microsoft.Network/networkInterfaces/nic-avd-0"
            ],
            "os_disk": [
              {
                "caching": "ReadWrite",
                "diff_disk_settings": [],
                "disk_encryption_set_id": "",
                "disk_size_gb": 127,
                "name": "avdvm-0_OsDisk_1_9b72b4e0dbdc4caeaebc74ecbfd4d3a2",
                "storage_account_type": "Premium_LRS",
                "write_accelerator_enabled": false
              }
            ],
            "patch_mode": "AutomaticByOS",
            "plan": [],
            "platform_fault_domain": -1,
            "priority": "Regular",
            "private_ip_address": "10.1.0.5",
            "private_ip_addresses": [
              "10.1.0.5"
            ],
            "provision_vm_agent": true,
            "proximity_placement_group_id": "",
            "public_ip_address": "",
            "public_ip_addresses": [],
            "resource_group_name": "avd-new",
            "secret": [],
            "secure_boot_enabled": false,
            "size": "Standard_B2ms",
            "source_image_id": "",
            "source_image_reference": [
              {
                "offer": "Windows-10",
                "publisher": "MicrosoftWindowsDesktop",
                "sku": "20h2-evd",
                "version": "latest"
              }
            ],
            "tags": {},
            "timeouts": null,
            "timezone": "",
            "user_data": "",
            "virtual_machine_id": "242f5ca6-6d4f-4463-9110-4c80ba26efab",
            "virtual_machine_scale_set_id": "",
            "vtpm_enabled": false,
            "winrm_listener": [],
            "zone": ""
          },
          "sensitive_attributes": [],
          "private": "eyJlMmJmYjczMC1lY2FhLTExZTYtOGY4OC0zNDM2M2JjN2M0YzAiOnsiY3JlYXRlIjoyNzAwMDAwMDAwMDAwLCJkZWxldGUiOjI3MDAwMDAwMDAwMDAsInJlYWQiOjMwMDAwMDAwMDAwMCwidXBkYXRlIjoyNzAwMDAwMDAwMDAwfX0=",
          "dependencies": [
            "azurerm_network_interface.sessionhost_nic",
            "azurerm_resource_group.rg-avd",
            "azurerm_subnet.defaultSubnet",
            "azurerm_virtual_network.vnet"
          ]
        },
        {
          "index_key": 1,
          "schema_version": 0,
          "attributes": {
            "additional_capabilities": [],
            "additional_unattend_content": [],
            "admin_password": "Password@1234",
            "admin_username": "adminuser",
            "allow_extension_operations": true,
            "availability_set_id": "",
            "boot_diagnostics": [],
            "computer_name": "avdvm-1",
            "custom_data": null,
            "dedicated_host_group_id": "",
            "dedicated_host_id": "",
            "enable_automatic_updates": true,
            "encryption_at_host_enabled": false,
            "eviction_policy": "",
            "extensions_time_budget": "PT1H30M",
            "hotpatching_enabled": false,
            "id": "/subscriptions/ceb3c55a-64b2-4fb3-938c-044b55e59259/resourceGroups/avd-new/providers/Microsoft.Compute/virtualMachines/avdvm-1",
            "identity": [
              {
                "identity_ids": [],
                "principal_id": "e821c3b9-177c-44aa-9262-3e74286d91ee",
                "tenant_id": "63cf14b4-7d0e-4498-9879-7622a21ea092",
                "type": "SystemAssigned"
              }
            ],
            "license_type": "",
            "location": "westeurope",
            "max_bid_price": -1,
            "name": "avdvm-1",
            "network_interface_ids": [
              "/subscriptions/ceb3c55a-64b2-4fb3-938c-044b55e59259/resourceGroups/avd-new/providers/Microsoft.Network/networkInterfaces/nic-avd-1"
            ],
            "os_disk": [
              {
                "caching": "ReadWrite",
                "diff_disk_settings": [],
                "disk_encryption_set_id": "",
                "disk_size_gb": 127,
                "name": "avdvm-1_OsDisk_1_85e526ec6ce24dc785cea75a25775b90",
                "storage_account_type": "Premium_LRS",
                "write_accelerator_enabled": false
              }
            ],
            "patch_mode": "AutomaticByOS",
            "plan": [],
            "platform_fault_domain": -1,
            "priority": "Regular",
            "private_ip_address": "10.1.0.4",
            "private_ip_addresses": [
              "10.1.0.4"
            ],
            "provision_vm_agent": true,
            "proximity_placement_group_id": "",
            "public_ip_address": "",
            "public_ip_addresses": [],
            "resource_group_name": "avd-new",
            "secret": [],
            "secure_boot_enabled": false,
            "size": "Standard_B2ms",
            "source_image_id": "",
            "source_image_reference": [
              {
                "offer": "Windows-10",
                "publisher": "MicrosoftWindowsDesktop",
                "sku": "20h2-evd",
                "version": "latest"
              }
            ],
            "tags": {},
            "timeouts": null,
            "timezone": "",
            "user_data": "",
            "virtual_machine_id": "f5dcf220-0a3b-46cb-989b-4c8c43282a23",
            "virtual_machine_scale_set_id": "",
            "vtpm_enabled": false,
            "winrm_listener": [],
            "zone": ""
          },
          "sensitive_attributes": [],
          "private": "eyJlMmJmYjczMC1lY2FhLTExZTYtOGY4OC0zNDM2M2JjN2M0YzAiOnsiY3JlYXRlIjoyNzAwMDAwMDAwMDAwLCJkZWxldGUiOjI3MDAwMDAwMDAwMDAsInJlYWQiOjMwMDAwMDAwMDAwMCwidXBkYXRlIjoyNzAwMDAwMDAwMDAwfX0=",
          "dependencies": [
            "azurerm_network_interface.sessionhost_nic",
            "azurerm_resource_group.rg-avd",
            "azurerm_subnet.defaultSubnet",
            "azurerm_virtual_network.vnet"
          ]
        }
      ]
    }
  ],
  "check_results": []
}
